
Microsoft Visual Studio Solution File, Format Version 12.00
# Visual Studio 2012
Project("{8BC9CEB8-8B4A-11D0-8D11-00A0C91BC942}") = "PerformanceLibrary", "PerformanceLibrary\PerformanceLibrary.vcxproj", "{0DCAF99F-2778-4BB4-A20B-7B2906C5BB21}"
EndProject
Project("{FAE04EC0-301F-11D3-BF4B-00C04F79EFBC}") = "Frdp.Common", "Frdp.Common\Frdp.Common.csproj", "{1B3D58CB-35F6-4608-A3B3-8F640FF83EDC}"
EndProject
Project("{FAE04EC0-301F-11D3-BF4B-00C04F79EFBC}") = "System.ServiceModel.Extensions.Compression", "ServiceModel.Externsions.Compression\System.ServiceModel.Extensions.Compression\System.ServiceModel.Extensions.Compression.csproj", "{9E96E405-2605-4FC5-8A12-B1F7D3407A81}"
EndProject
Project("{FAE04EC0-301F-11D3-BF4B-00C04F79EFBC}") = "Frdp.Wcf", "Frdp.Wcf\Frdp.Wcf.csproj", "{ABB0134C-47AE-43D3-8978-220E8BB508BD}"
EndProject
Project("{FAE04EC0-301F-11D3-BF4B-00C04F79EFBC}") = "Frdp.Server", "Frdp.Server\Frdp.Server.csproj", "{23C4A093-B4BF-4D15-AF28-A2290EE9C7F1}"
	ProjectSection(ProjectDependencies) = postProject
		{0DCAF99F-2778-4BB4-A20B-7B2906C5BB21} = {0DCAF99F-2778-4BB4-A20B-7B2906C5BB21}
	EndProjectSection
EndProject
Project("{FAE04EC0-301F-11D3-BF4B-00C04F79EFBC}") = "Frdp.Wpf", "Frdp.Wpf\Frdp.Wpf.csproj", "{A1C7F641-F9C0-413E-A77E-0D51F252A2CF}"
EndProject
Project("{FAE04EC0-301F-11D3-BF4B-00C04F79EFBC}") = "Frdp.Client", "Frdp.Client\Frdp.Client.csproj", "{1B3580BC-70BF-4AF0-A354-8C72AE142F5F}"
EndProject
Project("{2150E333-8FDC-42A3-9474-1A3956D46DE8}") = ".nuget", ".nuget", "{484D655E-620C-4410-BDD0-9D6BC8E85A04}"
	ProjectSection(SolutionItems) = preProject
		.nuget\NuGet.Config = .nuget\NuGet.Config
		.nuget\NuGet.exe = .nuget\NuGet.exe
		.nuget\NuGet.targets = .nuget\NuGet.targets
	EndProjectSection
EndProject
Global
	GlobalSection(SolutionConfigurationPlatforms) = preSolution
		Debug|x86 = Debug|x86
		Generation|x86 = Generation|x86
		Release|x86 = Release|x86
	EndGlobalSection
	GlobalSection(ProjectConfigurationPlatforms) = postSolution
		{0DCAF99F-2778-4BB4-A20B-7B2906C5BB21}.Debug|x86.ActiveCfg = Debug|Win32
		{0DCAF99F-2778-4BB4-A20B-7B2906C5BB21}.Debug|x86.Build.0 = Debug|Win32
		{0DCAF99F-2778-4BB4-A20B-7B2906C5BB21}.Generation|x86.ActiveCfg = Release|Win32
		{0DCAF99F-2778-4BB4-A20B-7B2906C5BB21}.Generation|x86.Build.0 = Release|Win32
		{0DCAF99F-2778-4BB4-A20B-7B2906C5BB21}.Release|x86.ActiveCfg = Release|Win32
		{0DCAF99F-2778-4BB4-A20B-7B2906C5BB21}.Release|x86.Build.0 = Release|Win32
		{1B3D58CB-35F6-4608-A3B3-8F640FF83EDC}.Debug|x86.ActiveCfg = Debug|x86
		{1B3D58CB-35F6-4608-A3B3-8F640FF83EDC}.Debug|x86.Build.0 = Debug|x86
		{1B3D58CB-35F6-4608-A3B3-8F640FF83EDC}.Generation|x86.ActiveCfg = Release|x86
		{1B3D58CB-35F6-4608-A3B3-8F640FF83EDC}.Generation|x86.Build.0 = Release|x86
		{1B3D58CB-35F6-4608-A3B3-8F640FF83EDC}.Release|x86.ActiveCfg = Release|x86
		{1B3D58CB-35F6-4608-A3B3-8F640FF83EDC}.Release|x86.Build.0 = Release|x86
		{9E96E405-2605-4FC5-8A12-B1F7D3407A81}.Debug|x86.ActiveCfg = Debug|x86
		{9E96E405-2605-4FC5-8A12-B1F7D3407A81}.Debug|x86.Build.0 = Debug|x86
		{9E96E405-2605-4FC5-8A12-B1F7D3407A81}.Generation|x86.ActiveCfg = Generation|x86
		{9E96E405-2605-4FC5-8A12-B1F7D3407A81}.Generation|x86.Build.0 = Generation|x86
		{9E96E405-2605-4FC5-8A12-B1F7D3407A81}.Release|x86.ActiveCfg = Release|x86
		{9E96E405-2605-4FC5-8A12-B1F7D3407A81}.Release|x86.Build.0 = Release|x86
		{ABB0134C-47AE-43D3-8978-220E8BB508BD}.Debug|x86.ActiveCfg = Debug|x86
		{ABB0134C-47AE-43D3-8978-220E8BB508BD}.Debug|x86.Build.0 = Debug|x86
		{ABB0134C-47AE-43D3-8978-220E8BB508BD}.Generation|x86.ActiveCfg = Release|x86
		{ABB0134C-47AE-43D3-8978-220E8BB508BD}.Generation|x86.Build.0 = Release|x86
		{ABB0134C-47AE-43D3-8978-220E8BB508BD}.Release|x86.ActiveCfg = Release|x86
		{ABB0134C-47AE-43D3-8978-220E8BB508BD}.Release|x86.Build.0 = Release|x86
		{23C4A093-B4BF-4D15-AF28-A2290EE9C7F1}.Debug|x86.ActiveCfg = Debug|x86
		{23C4A093-B4BF-4D15-AF28-A2290EE9C7F1}.Debug|x86.Build.0 = Debug|x86
		{23C4A093-B4BF-4D15-AF28-A2290EE9C7F1}.Generation|x86.ActiveCfg = Release|x86
		{23C4A093-B4BF-4D15-AF28-A2290EE9C7F1}.Generation|x86.Build.0 = Release|x86
		{23C4A093-B4BF-4D15-AF28-A2290EE9C7F1}.Release|x86.ActiveCfg = Release|x86
		{23C4A093-B4BF-4D15-AF28-A2290EE9C7F1}.Release|x86.Build.0 = Release|x86
		{A1C7F641-F9C0-413E-A77E-0D51F252A2CF}.Debug|x86.ActiveCfg = Debug|x86
		{A1C7F641-F9C0-413E-A77E-0D51F252A2CF}.Debug|x86.Build.0 = Debug|x86
		{A1C7F641-F9C0-413E-A77E-0D51F252A2CF}.Generation|x86.ActiveCfg = Release|x86
		{A1C7F641-F9C0-413E-A77E-0D51F252A2CF}.Generation|x86.Build.0 = Release|x86
		{A1C7F641-F9C0-413E-A77E-0D51F252A2CF}.Release|x86.ActiveCfg = Release|x86
		{A1C7F641-F9C0-413E-A77E-0D51F252A2CF}.Release|x86.Build.0 = Release|x86
		{1B3580BC-70BF-4AF0-A354-8C72AE142F5F}.Debug|x86.ActiveCfg = Debug|x86
		{1B3580BC-70BF-4AF0-A354-8C72AE142F5F}.Debug|x86.Build.0 = Debug|x86
		{1B3580BC-70BF-4AF0-A354-8C72AE142F5F}.Generation|x86.ActiveCfg = Release|x86
		{1B3580BC-70BF-4AF0-A354-8C72AE142F5F}.Generation|x86.Build.0 = Release|x86
		{1B3580BC-70BF-4AF0-A354-8C72AE142F5F}.Release|x86.ActiveCfg = Release|x86
		{1B3580BC-70BF-4AF0-A354-8C72AE142F5F}.Release|x86.Build.0 = Release|x86
	EndGlobalSection
	GlobalSection(SolutionProperties) = preSolution
		HideSolutionNode = FALSE
	EndGlobalSection
EndGlobal
