
Microsoft Visual Studio Solution File, Format Version 12.00
# Visual Studio 2012
Project("{8BC9CEB8-8B4A-11D0-8D11-00A0C91BC942}") = "PerformanceLibrary", "PerformanceLibrary\PerformanceLibrary.vcxproj", "{0DCAF99F-2778-4BB4-A20B-7B2906C5BB21}"
EndProject
Project("{FAE04EC0-301F-11D3-BF4B-00C04F79EFBC}") = "Frdp.Common", "Frdp.Common\Frdp.Common.csproj", "{1B3D58CB-35F6-4608-A3B3-8F640FF83EDC}"
EndProject
Project("{FAE04EC0-301F-11D3-BF4B-00C04F79EFBC}") = "System.ServiceModel.Extensions.Compression", "ServiceModel.Externsions.Compression\System.ServiceModel.Extensions.Compression\System.ServiceModel.Extensions.Compression.csproj", "{9E96E405-2605-4FC5-8A12-B1F7D3407A81}"
EndProject
Project("{FAE04EC0-301F-11D3-BF4B-00C04F79EFBC}") = "Frdp.Wcf", "Frdp.Wcf\Frdp.Wcf.csproj", "{ABB0134C-47AE-43D3-8978-220E8BB508BD}"
EndProject
Project("{FAE04EC0-301F-11D3-BF4B-00C04F79EFBC}") = "Frdp.Server", "Frdp.Server\Frdp.Server.csproj", "{23C4A093-B4BF-4D15-AF28-A2290EE9C7F1}"
	ProjectSection(ProjectDependencies) = postProject
		{0DCAF99F-2778-4BB4-A20B-7B2906C5BB21} = {0DCAF99F-2778-4BB4-A20B-7B2906C5BB21}
	EndProjectSection
EndProject
Project("{FAE04EC0-301F-11D3-BF4B-00C04F79EFBC}") = "Frdp.Wpf", "Frdp.Wpf\Frdp.Wpf.csproj", "{A1C7F641-F9C0-413E-A77E-0D51F252A2CF}"
EndProject
Project("{FAE04EC0-301F-11D3-BF4B-00C04F79EFBC}") = "Frdp.Client", "Frdp.Client\Frdp.Client.csproj", "{1B3580BC-70BF-4AF0-A354-8C72AE142F5F}"
EndProject
Global
	GlobalSection(SolutionConfigurationPlatforms) = preSolution
		Debug|Any CPU = Debug|Any CPU
		Debug|Mixed Platforms = Debug|Mixed Platforms
		Debug|Win32 = Debug|Win32
		Debug|x86 = Debug|x86
		Generation|Any CPU = Generation|Any CPU
		Generation|Mixed Platforms = Generation|Mixed Platforms
		Generation|Win32 = Generation|Win32
		Generation|x86 = Generation|x86
		Release|Any CPU = Release|Any CPU
		Release|Mixed Platforms = Release|Mixed Platforms
		Release|Win32 = Release|Win32
		Release|x86 = Release|x86
	EndGlobalSection
	GlobalSection(ProjectConfigurationPlatforms) = postSolution
		{0DCAF99F-2778-4BB4-A20B-7B2906C5BB21}.Debug|Any CPU.ActiveCfg = Debug|Win32
		{0DCAF99F-2778-4BB4-A20B-7B2906C5BB21}.Debug|Mixed Platforms.ActiveCfg = Debug|Win32
		{0DCAF99F-2778-4BB4-A20B-7B2906C5BB21}.Debug|Mixed Platforms.Build.0 = Debug|Win32
		{0DCAF99F-2778-4BB4-A20B-7B2906C5BB21}.Debug|Win32.ActiveCfg = Debug|Win32
		{0DCAF99F-2778-4BB4-A20B-7B2906C5BB21}.Debug|Win32.Build.0 = Debug|Win32
		{0DCAF99F-2778-4BB4-A20B-7B2906C5BB21}.Debug|x86.ActiveCfg = Debug|Win32
		{0DCAF99F-2778-4BB4-A20B-7B2906C5BB21}.Debug|x86.Build.0 = Debug|Win32
		{0DCAF99F-2778-4BB4-A20B-7B2906C5BB21}.Generation|Any CPU.ActiveCfg = Release|Win32
		{0DCAF99F-2778-4BB4-A20B-7B2906C5BB21}.Generation|Mixed Platforms.ActiveCfg = Release|Win32
		{0DCAF99F-2778-4BB4-A20B-7B2906C5BB21}.Generation|Mixed Platforms.Build.0 = Release|Win32
		{0DCAF99F-2778-4BB4-A20B-7B2906C5BB21}.Generation|Win32.ActiveCfg = Release|Win32
		{0DCAF99F-2778-4BB4-A20B-7B2906C5BB21}.Generation|Win32.Build.0 = Release|Win32
		{0DCAF99F-2778-4BB4-A20B-7B2906C5BB21}.Generation|x86.ActiveCfg = Release|Win32
		{0DCAF99F-2778-4BB4-A20B-7B2906C5BB21}.Generation|x86.Build.0 = Release|Win32
		{0DCAF99F-2778-4BB4-A20B-7B2906C5BB21}.Release|Any CPU.ActiveCfg = Release|Win32
		{0DCAF99F-2778-4BB4-A20B-7B2906C5BB21}.Release|Mixed Platforms.ActiveCfg = Release|Win32
		{0DCAF99F-2778-4BB4-A20B-7B2906C5BB21}.Release|Mixed Platforms.Build.0 = Release|Win32
		{0DCAF99F-2778-4BB4-A20B-7B2906C5BB21}.Release|Win32.ActiveCfg = Release|Win32
		{0DCAF99F-2778-4BB4-A20B-7B2906C5BB21}.Release|Win32.Build.0 = Release|Win32
		{0DCAF99F-2778-4BB4-A20B-7B2906C5BB21}.Release|x86.ActiveCfg = Release|Win32
		{0DCAF99F-2778-4BB4-A20B-7B2906C5BB21}.Release|x86.Build.0 = Release|Win32
		{1B3D58CB-35F6-4608-A3B3-8F640FF83EDC}.Debug|Any CPU.ActiveCfg = Debug|Any CPU
		{1B3D58CB-35F6-4608-A3B3-8F640FF83EDC}.Debug|Any CPU.Build.0 = Debug|Any CPU
		{1B3D58CB-35F6-4608-A3B3-8F640FF83EDC}.Debug|Mixed Platforms.ActiveCfg = Debug|Any CPU
		{1B3D58CB-35F6-4608-A3B3-8F640FF83EDC}.Debug|Mixed Platforms.Build.0 = Debug|Any CPU
		{1B3D58CB-35F6-4608-A3B3-8F640FF83EDC}.Debug|Win32.ActiveCfg = Debug|Any CPU
		{1B3D58CB-35F6-4608-A3B3-8F640FF83EDC}.Debug|x86.ActiveCfg = Debug|x86
		{1B3D58CB-35F6-4608-A3B3-8F640FF83EDC}.Debug|x86.Build.0 = Debug|x86
		{1B3D58CB-35F6-4608-A3B3-8F640FF83EDC}.Generation|Any CPU.ActiveCfg = Release|Any CPU
		{1B3D58CB-35F6-4608-A3B3-8F640FF83EDC}.Generation|Any CPU.Build.0 = Release|Any CPU
		{1B3D58CB-35F6-4608-A3B3-8F640FF83EDC}.Generation|Mixed Platforms.ActiveCfg = Release|Any CPU
		{1B3D58CB-35F6-4608-A3B3-8F640FF83EDC}.Generation|Mixed Platforms.Build.0 = Release|Any CPU
		{1B3D58CB-35F6-4608-A3B3-8F640FF83EDC}.Generation|Win32.ActiveCfg = Release|Any CPU
		{1B3D58CB-35F6-4608-A3B3-8F640FF83EDC}.Generation|x86.ActiveCfg = Release|x86
		{1B3D58CB-35F6-4608-A3B3-8F640FF83EDC}.Generation|x86.Build.0 = Release|x86
		{1B3D58CB-35F6-4608-A3B3-8F640FF83EDC}.Release|Any CPU.ActiveCfg = Release|Any CPU
		{1B3D58CB-35F6-4608-A3B3-8F640FF83EDC}.Release|Any CPU.Build.0 = Release|Any CPU
		{1B3D58CB-35F6-4608-A3B3-8F640FF83EDC}.Release|Mixed Platforms.ActiveCfg = Release|Any CPU
		{1B3D58CB-35F6-4608-A3B3-8F640FF83EDC}.Release|Mixed Platforms.Build.0 = Release|Any CPU
		{1B3D58CB-35F6-4608-A3B3-8F640FF83EDC}.Release|Win32.ActiveCfg = Release|Any CPU
		{1B3D58CB-35F6-4608-A3B3-8F640FF83EDC}.Release|x86.ActiveCfg = Release|x86
		{1B3D58CB-35F6-4608-A3B3-8F640FF83EDC}.Release|x86.Build.0 = Release|x86
		{9E96E405-2605-4FC5-8A12-B1F7D3407A81}.Debug|Any CPU.ActiveCfg = Debug|Any CPU
		{9E96E405-2605-4FC5-8A12-B1F7D3407A81}.Debug|Any CPU.Build.0 = Debug|Any CPU
		{9E96E405-2605-4FC5-8A12-B1F7D3407A81}.Debug|Mixed Platforms.ActiveCfg = Debug|x86
		{9E96E405-2605-4FC5-8A12-B1F7D3407A81}.Debug|Mixed Platforms.Build.0 = Debug|x86
		{9E96E405-2605-4FC5-8A12-B1F7D3407A81}.Debug|Win32.ActiveCfg = Debug|x86
		{9E96E405-2605-4FC5-8A12-B1F7D3407A81}.Debug|Win32.Build.0 = Debug|x86
		{9E96E405-2605-4FC5-8A12-B1F7D3407A81}.Debug|x86.ActiveCfg = Debug|x86
		{9E96E405-2605-4FC5-8A12-B1F7D3407A81}.Debug|x86.Build.0 = Debug|x86
		{9E96E405-2605-4FC5-8A12-B1F7D3407A81}.Generation|Any CPU.ActiveCfg = Generation|Any CPU
		{9E96E405-2605-4FC5-8A12-B1F7D3407A81}.Generation|Any CPU.Build.0 = Generation|Any CPU
		{9E96E405-2605-4FC5-8A12-B1F7D3407A81}.Generation|Mixed Platforms.ActiveCfg = Generation|x86
		{9E96E405-2605-4FC5-8A12-B1F7D3407A81}.Generation|Mixed Platforms.Build.0 = Generation|x86
		{9E96E405-2605-4FC5-8A12-B1F7D3407A81}.Generation|Win32.ActiveCfg = Generation|x86
		{9E96E405-2605-4FC5-8A12-B1F7D3407A81}.Generation|Win32.Build.0 = Generation|x86
		{9E96E405-2605-4FC5-8A12-B1F7D3407A81}.Generation|x86.ActiveCfg = Generation|x86
		{9E96E405-2605-4FC5-8A12-B1F7D3407A81}.Generation|x86.Build.0 = Generation|x86
		{9E96E405-2605-4FC5-8A12-B1F7D3407A81}.Release|Any CPU.ActiveCfg = Release|Any CPU
		{9E96E405-2605-4FC5-8A12-B1F7D3407A81}.Release|Any CPU.Build.0 = Release|Any CPU
		{9E96E405-2605-4FC5-8A12-B1F7D3407A81}.Release|Mixed Platforms.ActiveCfg = Release|x86
		{9E96E405-2605-4FC5-8A12-B1F7D3407A81}.Release|Mixed Platforms.Build.0 = Release|x86
		{9E96E405-2605-4FC5-8A12-B1F7D3407A81}.Release|Win32.ActiveCfg = Release|x86
		{9E96E405-2605-4FC5-8A12-B1F7D3407A81}.Release|Win32.Build.0 = Release|x86
		{9E96E405-2605-4FC5-8A12-B1F7D3407A81}.Release|x86.ActiveCfg = Release|x86
		{9E96E405-2605-4FC5-8A12-B1F7D3407A81}.Release|x86.Build.0 = Release|x86
		{ABB0134C-47AE-43D3-8978-220E8BB508BD}.Debug|Any CPU.ActiveCfg = Debug|Any CPU
		{ABB0134C-47AE-43D3-8978-220E8BB508BD}.Debug|Any CPU.Build.0 = Debug|Any CPU
		{ABB0134C-47AE-43D3-8978-220E8BB508BD}.Debug|Mixed Platforms.ActiveCfg = Debug|Any CPU
		{ABB0134C-47AE-43D3-8978-220E8BB508BD}.Debug|Mixed Platforms.Build.0 = Debug|Any CPU
		{ABB0134C-47AE-43D3-8978-220E8BB508BD}.Debug|Win32.ActiveCfg = Debug|Any CPU
		{ABB0134C-47AE-43D3-8978-220E8BB508BD}.Debug|x86.ActiveCfg = Debug|x86
		{ABB0134C-47AE-43D3-8978-220E8BB508BD}.Debug|x86.Build.0 = Debug|x86
		{ABB0134C-47AE-43D3-8978-220E8BB508BD}.Generation|Any CPU.ActiveCfg = Release|Any CPU
		{ABB0134C-47AE-43D3-8978-220E8BB508BD}.Generation|Any CPU.Build.0 = Release|Any CPU
		{ABB0134C-47AE-43D3-8978-220E8BB508BD}.Generation|Mixed Platforms.ActiveCfg = Release|Any CPU
		{ABB0134C-47AE-43D3-8978-220E8BB508BD}.Generation|Mixed Platforms.Build.0 = Release|Any CPU
		{ABB0134C-47AE-43D3-8978-220E8BB508BD}.Generation|Win32.ActiveCfg = Release|Any CPU
		{ABB0134C-47AE-43D3-8978-220E8BB508BD}.Generation|x86.ActiveCfg = Release|x86
		{ABB0134C-47AE-43D3-8978-220E8BB508BD}.Generation|x86.Build.0 = Release|x86
		{ABB0134C-47AE-43D3-8978-220E8BB508BD}.Release|Any CPU.ActiveCfg = Release|Any CPU
		{ABB0134C-47AE-43D3-8978-220E8BB508BD}.Release|Any CPU.Build.0 = Release|Any CPU
		{ABB0134C-47AE-43D3-8978-220E8BB508BD}.Release|Mixed Platforms.ActiveCfg = Release|Any CPU
		{ABB0134C-47AE-43D3-8978-220E8BB508BD}.Release|Mixed Platforms.Build.0 = Release|Any CPU
		{ABB0134C-47AE-43D3-8978-220E8BB508BD}.Release|Win32.ActiveCfg = Release|Any CPU
		{ABB0134C-47AE-43D3-8978-220E8BB508BD}.Release|x86.ActiveCfg = Release|x86
		{ABB0134C-47AE-43D3-8978-220E8BB508BD}.Release|x86.Build.0 = Release|x86
		{23C4A093-B4BF-4D15-AF28-A2290EE9C7F1}.Debug|Any CPU.ActiveCfg = Debug|Any CPU
		{23C4A093-B4BF-4D15-AF28-A2290EE9C7F1}.Debug|Any CPU.Build.0 = Debug|Any CPU
		{23C4A093-B4BF-4D15-AF28-A2290EE9C7F1}.Debug|Mixed Platforms.ActiveCfg = Debug|Any CPU
		{23C4A093-B4BF-4D15-AF28-A2290EE9C7F1}.Debug|Mixed Platforms.Build.0 = Debug|Any CPU
		{23C4A093-B4BF-4D15-AF28-A2290EE9C7F1}.Debug|Win32.ActiveCfg = Debug|Any CPU
		{23C4A093-B4BF-4D15-AF28-A2290EE9C7F1}.Debug|x86.ActiveCfg = Debug|x86
		{23C4A093-B4BF-4D15-AF28-A2290EE9C7F1}.Debug|x86.Build.0 = Debug|x86
		{23C4A093-B4BF-4D15-AF28-A2290EE9C7F1}.Generation|Any CPU.ActiveCfg = Release|Any CPU
		{23C4A093-B4BF-4D15-AF28-A2290EE9C7F1}.Generation|Any CPU.Build.0 = Release|Any CPU
		{23C4A093-B4BF-4D15-AF28-A2290EE9C7F1}.Generation|Mixed Platforms.ActiveCfg = Release|Any CPU
		{23C4A093-B4BF-4D15-AF28-A2290EE9C7F1}.Generation|Mixed Platforms.Build.0 = Release|Any CPU
		{23C4A093-B4BF-4D15-AF28-A2290EE9C7F1}.Generation|Win32.ActiveCfg = Release|Any CPU
		{23C4A093-B4BF-4D15-AF28-A2290EE9C7F1}.Generation|x86.ActiveCfg = Release|x86
		{23C4A093-B4BF-4D15-AF28-A2290EE9C7F1}.Generation|x86.Build.0 = Release|x86
		{23C4A093-B4BF-4D15-AF28-A2290EE9C7F1}.Release|Any CPU.ActiveCfg = Release|Any CPU
		{23C4A093-B4BF-4D15-AF28-A2290EE9C7F1}.Release|Any CPU.Build.0 = Release|Any CPU
		{23C4A093-B4BF-4D15-AF28-A2290EE9C7F1}.Release|Mixed Platforms.ActiveCfg = Release|Any CPU
		{23C4A093-B4BF-4D15-AF28-A2290EE9C7F1}.Release|Mixed Platforms.Build.0 = Release|Any CPU
		{23C4A093-B4BF-4D15-AF28-A2290EE9C7F1}.Release|Win32.ActiveCfg = Release|Any CPU
		{23C4A093-B4BF-4D15-AF28-A2290EE9C7F1}.Release|x86.ActiveCfg = Release|x86
		{23C4A093-B4BF-4D15-AF28-A2290EE9C7F1}.Release|x86.Build.0 = Release|x86
		{A1C7F641-F9C0-413E-A77E-0D51F252A2CF}.Debug|Any CPU.ActiveCfg = Debug|Any CPU
		{A1C7F641-F9C0-413E-A77E-0D51F252A2CF}.Debug|Any CPU.Build.0 = Debug|Any CPU
		{A1C7F641-F9C0-413E-A77E-0D51F252A2CF}.Debug|Mixed Platforms.ActiveCfg = Debug|Any CPU
		{A1C7F641-F9C0-413E-A77E-0D51F252A2CF}.Debug|Mixed Platforms.Build.0 = Debug|Any CPU
		{A1C7F641-F9C0-413E-A77E-0D51F252A2CF}.Debug|Win32.ActiveCfg = Debug|Any CPU
		{A1C7F641-F9C0-413E-A77E-0D51F252A2CF}.Debug|x86.ActiveCfg = Debug|x86
		{A1C7F641-F9C0-413E-A77E-0D51F252A2CF}.Debug|x86.Build.0 = Debug|x86
		{A1C7F641-F9C0-413E-A77E-0D51F252A2CF}.Generation|Any CPU.ActiveCfg = Release|Any CPU
		{A1C7F641-F9C0-413E-A77E-0D51F252A2CF}.Generation|Any CPU.Build.0 = Release|Any CPU
		{A1C7F641-F9C0-413E-A77E-0D51F252A2CF}.Generation|Mixed Platforms.ActiveCfg = Release|Any CPU
		{A1C7F641-F9C0-413E-A77E-0D51F252A2CF}.Generation|Mixed Platforms.Build.0 = Release|Any CPU
		{A1C7F641-F9C0-413E-A77E-0D51F252A2CF}.Generation|Win32.ActiveCfg = Release|Any CPU
		{A1C7F641-F9C0-413E-A77E-0D51F252A2CF}.Generation|x86.ActiveCfg = Release|x86
		{A1C7F641-F9C0-413E-A77E-0D51F252A2CF}.Generation|x86.Build.0 = Release|x86
		{A1C7F641-F9C0-413E-A77E-0D51F252A2CF}.Release|Any CPU.ActiveCfg = Release|Any CPU
		{A1C7F641-F9C0-413E-A77E-0D51F252A2CF}.Release|Any CPU.Build.0 = Release|Any CPU
		{A1C7F641-F9C0-413E-A77E-0D51F252A2CF}.Release|Mixed Platforms.ActiveCfg = Release|Any CPU
		{A1C7F641-F9C0-413E-A77E-0D51F252A2CF}.Release|Mixed Platforms.Build.0 = Release|Any CPU
		{A1C7F641-F9C0-413E-A77E-0D51F252A2CF}.Release|Win32.ActiveCfg = Release|Any CPU
		{A1C7F641-F9C0-413E-A77E-0D51F252A2CF}.Release|x86.ActiveCfg = Release|x86
		{A1C7F641-F9C0-413E-A77E-0D51F252A2CF}.Release|x86.Build.0 = Release|x86
		{1B3580BC-70BF-4AF0-A354-8C72AE142F5F}.Debug|Any CPU.ActiveCfg = Debug|Any CPU
		{1B3580BC-70BF-4AF0-A354-8C72AE142F5F}.Debug|Any CPU.Build.0 = Debug|Any CPU
		{1B3580BC-70BF-4AF0-A354-8C72AE142F5F}.Debug|Mixed Platforms.ActiveCfg = Debug|Any CPU
		{1B3580BC-70BF-4AF0-A354-8C72AE142F5F}.Debug|Mixed Platforms.Build.0 = Debug|Any CPU
		{1B3580BC-70BF-4AF0-A354-8C72AE142F5F}.Debug|Win32.ActiveCfg = Debug|Any CPU
		{1B3580BC-70BF-4AF0-A354-8C72AE142F5F}.Debug|x86.ActiveCfg = Debug|x86
		{1B3580BC-70BF-4AF0-A354-8C72AE142F5F}.Debug|x86.Build.0 = Debug|x86
		{1B3580BC-70BF-4AF0-A354-8C72AE142F5F}.Generation|Any CPU.ActiveCfg = Release|Any CPU
		{1B3580BC-70BF-4AF0-A354-8C72AE142F5F}.Generation|Any CPU.Build.0 = Release|Any CPU
		{1B3580BC-70BF-4AF0-A354-8C72AE142F5F}.Generation|Mixed Platforms.ActiveCfg = Release|Any CPU
		{1B3580BC-70BF-4AF0-A354-8C72AE142F5F}.Generation|Mixed Platforms.Build.0 = Release|Any CPU
		{1B3580BC-70BF-4AF0-A354-8C72AE142F5F}.Generation|Win32.ActiveCfg = Release|Any CPU
		{1B3580BC-70BF-4AF0-A354-8C72AE142F5F}.Generation|x86.ActiveCfg = Release|x86
		{1B3580BC-70BF-4AF0-A354-8C72AE142F5F}.Generation|x86.Build.0 = Release|x86
		{1B3580BC-70BF-4AF0-A354-8C72AE142F5F}.Release|Any CPU.ActiveCfg = Release|Any CPU
		{1B3580BC-70BF-4AF0-A354-8C72AE142F5F}.Release|Any CPU.Build.0 = Release|Any CPU
		{1B3580BC-70BF-4AF0-A354-8C72AE142F5F}.Release|Mixed Platforms.ActiveCfg = Release|Any CPU
		{1B3580BC-70BF-4AF0-A354-8C72AE142F5F}.Release|Mixed Platforms.Build.0 = Release|Any CPU
		{1B3580BC-70BF-4AF0-A354-8C72AE142F5F}.Release|Win32.ActiveCfg = Release|Any CPU
		{1B3580BC-70BF-4AF0-A354-8C72AE142F5F}.Release|x86.ActiveCfg = Release|x86
		{1B3580BC-70BF-4AF0-A354-8C72AE142F5F}.Release|x86.Build.0 = Release|x86
	EndGlobalSection
	GlobalSection(SolutionProperties) = preSolution
		HideSolutionNode = FALSE
	EndGlobalSection
EndGlobal
